
Microsoft Visual Studio Solution File, Format Version 12.00
# Visual Studio Version 16
VisualStudioVersion = 16.0.33214.272
MinimumVisualStudioVersion = 10.0.40219.1
Project("{FAE04EC0-301F-11D3-BF4B-00C04F79EFBC}") = "tNP Launcher", "tNP Launcher\tNP Launcher.csproj", "{ECBE14FF-6E68-431E-803E-332FB18D3DDA}"
EndProject
Global
	GlobalSection(SolutionConfigurationPlatforms) = preSolution
		Debug|Any CPU = Debug|Any CPU
		Release|Any CPU = Release|Any CPU
	EndGlobalSection
	GlobalSection(ProjectConfigurationPlatforms) = postSolution
		{ECBE14FF-6E68-431E-803E-332FB18D3DDA}.Debug|Any CPU.ActiveCfg = Debug|Any CPU
		{ECBE14FF-6E68-431E-803E-332FB18D3DDA}.Debug|Any CPU.Build.0 = Debug|Any CPU
		{ECBE14FF-6E68-431E-803E-332FB18D3DDA}.Release|Any CPU.ActiveCfg = Release|Any CPU
		{ECBE14FF-6E68-431E-803E-332FB18D3DDA}.Release|Any CPU.Build.0 = Release|Any CPU
	EndGlobalSection
	GlobalSection(SolutionProperties) = preSolution
		HideSolutionNode = FALSE
	EndGlobalSection
	GlobalSection(ExtensibilityGlobals) = postSolution
		SolutionGuid = {81A52609-0723-4271-BF8C-586618B8909C}
	EndGlobalSection
EndGlobal
